
Microsoft Visual Studio Solution File, Format Version 12.00
# Visual Studio 15
VisualStudioVersion = 15.0.26730.10
MinimumVisualStudioVersion = 10.0.40219.1
Project("{8BC9CEB8-8B4A-11D0-8D11-00A0C91BC942}") = "DGP2544", "DGP2544\DGP2544.vcxproj", "{2590AEB8-8AAC-4969-87BA-6D3B4A9E5967}"
EndProject
Global
	GlobalSection(SolutionConfigurationPlatforms) = preSolution
		Debug|x64 = Debug|x64
		Debug|x86 = Debug|x86
		Release|x64 = Release|x64
		Release|x86 = Release|x86
	EndGlobalSection
	GlobalSection(ProjectConfigurationPlatforms) = postSolution
		{2590AEB8-8AAC-4969-87BA-6D3B4A9E5967}.Debug|x64.ActiveCfg = Debug|x64
		{2590AEB8-8AAC-4969-87BA-6D3B4A9E5967}.Debug|x64.Build.0 = Debug|x64
		{2590AEB8-8AAC-4969-87BA-6D3B4A9E5967}.Debug|x86.ActiveCfg = Debug|Win32
		{2590AEB8-8AAC-4969-87BA-6D3B4A9E5967}.Debug|x86.Build.0 = Debug|Win32
		{2590AEB8-8AAC-4969-87BA-6D3B4A9E5967}.Release|x64.ActiveCfg = Release|x64
		{2590AEB8-8AAC-4969-87BA-6D3B4A9E5967}.Release|x64.Build.0 = Release|x64
		{2590AEB8-8AAC-4969-87BA-6D3B4A9E5967}.Release|x86.ActiveCfg = Release|Win32
		{2590AEB8-8AAC-4969-87BA-6D3B4A9E5967}.Release|x86.Build.0 = Release|Win32
	EndGlobalSection
	GlobalSection(SolutionProperties) = preSolution
		HideSolutionNode = FALSE
	EndGlobalSection
	GlobalSection(ExtensibilityGlobals) = postSolution
		SolutionGuid = {5876AE70-FD0D-4AE7-867C-B840E2EE592F}
	EndGlobalSection
EndGlobal
